
Microsoft Visual Studio Solution File, Format Version 12.00
# Visual Studio Version 16
VisualStudioVersion = 16.0.31515.178
MinimumVisualStudioVersion = 10.0.40219.1
Project("{FAE04EC0-301F-11D3-BF4B-00C04F79EFBC}") = "ContosoUniversity", "ContosoUniversityMvc\ContosoUniversity.csproj", "{9275351B-21CD-4AE1-98CA-FECB92B95655}"
EndProject
Global
	GlobalSection(SolutionConfigurationPlatforms) = preSolution
		Debug|Any CPU = Debug|Any CPU
		Release|Any CPU = Release|Any CPU
	EndGlobalSection
	GlobalSection(ProjectConfigurationPlatforms) = postSolution
		{9275351B-21CD-4AE1-98CA-FECB92B95655}.Debug|Any CPU.ActiveCfg = Debug|Any CPU
		{9275351B-21CD-4AE1-98CA-FECB92B95655}.Debug|Any CPU.Build.0 = Debug|Any CPU
		{9275351B-21CD-4AE1-98CA-FECB92B95655}.Release|Any CPU.ActiveCfg = Release|Any CPU
		{9275351B-21CD-4AE1-98CA-FECB92B95655}.Release|Any CPU.Build.0 = Release|Any CPU
	EndGlobalSection
	GlobalSection(SolutionProperties) = preSolution
		HideSolutionNode = FALSE
	EndGlobalSection
	GlobalSection(ExtensibilityGlobals) = postSolution
		SolutionGuid = {13EC77C4-F31D-492C-A3C4-E1E531CE2CE3}
	EndGlobalSection
EndGlobal
